
Microsoft Visual Studio Solution File, Format Version 12.00
Project("{FAE04EC0-301F-11D3-BF4B-00C04F79EFBC}") = "Worms", "Worms\Worms.csproj", "{03562E0B-EBDB-424C-96C9-9F57D8811332}"
EndProject
Project("{FAE04EC0-301F-11D3-BF4B-00C04F79EFBC}") = "WormsTest", "WormsTest\WormsTest.csproj", "{0D5E12BB-CB8E-47AF-8A11-53B184C085E6}"
EndProject
Global
	GlobalSection(SolutionConfigurationPlatforms) = preSolution
		Debug|Any CPU = Debug|Any CPU
		Release|Any CPU = Release|Any CPU
	EndGlobalSection
	GlobalSection(ProjectConfigurationPlatforms) = postSolution
		{03562E0B-EBDB-424C-96C9-9F57D8811332}.Debug|Any CPU.ActiveCfg = Debug|Any CPU
		{03562E0B-EBDB-424C-96C9-9F57D8811332}.Debug|Any CPU.Build.0 = Debug|Any CPU
		{03562E0B-EBDB-424C-96C9-9F57D8811332}.Release|Any CPU.ActiveCfg = Release|Any CPU
		{03562E0B-EBDB-424C-96C9-9F57D8811332}.Release|Any CPU.Build.0 = Release|Any CPU
		{0D5E12BB-CB8E-47AF-8A11-53B184C085E6}.Debug|Any CPU.ActiveCfg = Debug|Any CPU
		{0D5E12BB-CB8E-47AF-8A11-53B184C085E6}.Debug|Any CPU.Build.0 = Debug|Any CPU
		{0D5E12BB-CB8E-47AF-8A11-53B184C085E6}.Release|Any CPU.ActiveCfg = Release|Any CPU
		{0D5E12BB-CB8E-47AF-8A11-53B184C085E6}.Release|Any CPU.Build.0 = Release|Any CPU
	EndGlobalSection
EndGlobal
